// !$*UTF8*$!
{
	archiveVersion = 1;
	classes = {
	};
	objectVersion = 46;
	objects = {

/* Begin PBXBuildFile section */
		7B7378EA1C07627200174028 /* appico.png in Resources */ = {isa = PBXBuildFile; fileRef = 7B7378E91C07627200174028 /* appico.png */; };
		7B7379401C0ABEEC00174028 /* digital-7.ttf in Resources */ = {isa = PBXBuildFile; fileRef = 7B7379081C08C09600174028 /* digital-7.ttf */; };
		7B7379421C0AC4D100174028 /* ding.wav in Resources */ = {isa = PBXBuildFile; fileRef = 7B7379411C0AC4D100174028 /* ding.wav */; };
		7B7379611C0AC6E700174028 /* 11.wav in Resources */ = {isa = PBXBuildFile; fileRef = 7B7379431C0AC6E700174028 /* 11.wav */; };
		7B7379621C0AC6E700174028 /* 12.wav in Resources */ = {isa = PBXBuildFile; fileRef = 7B7379441C0AC6E700174028 /* 12.wav */; };
		7B7379631C0AC6E700174028 /* 13.wav in Resources */ = {isa = PBXBuildFile; fileRef = 7B7379451C0AC6E700174028 /* 13.wav */; };
		7B7379641C0AC6E700174028 /* 14.wav in Resources */ = {isa = PBXBuildFile; fileRef = 7B7379461C0AC6E700174028 /* 14.wav */; };
		7B7379651C0AC6E700174028 /* 15.wav in Resources */ = {isa = PBXBuildFile; fileRef = 7B7379471C0AC6E700174028 /* 15.wav */; };
		7B7379661C0AC6E700174028 /* 16.wav in Resources */ = {isa = PBXBuildFile; fileRef = 7B7379481C0AC6E700174028 /* 16.wav */; };
		7B7379671C0AC6E700174028 /* 17.wav in Resources */ = {isa = PBXBuildFile; fileRef = 7B7379491C0AC6E700174028 /* 17.wav */; };
		7B7379681C0AC6E700174028 /* 18.wav in Resources */ = {isa = PBXBuildFile; fileRef = 7B73794A1C0AC6E700174028 /* 18.wav */; };
		7B7379691C0AC6E700174028 /* 19.wav in Resources */ = {isa = PBXBuildFile; fileRef = 7B73794B1C0AC6E700174028 /* 19.wav */; };
		7B73796A1C0AC6E700174028 /* 20.wav in Resources */ = {isa = PBXBuildFile; fileRef = 7B73794C1C0AC6E700174028 /* 20.wav */; };
		7B73796B1C0AC6E700174028 /* 21.wav in Resources */ = {isa = PBXBuildFile; fileRef = 7B73794D1C0AC6E700174028 /* 21.wav */; };
		7B73796C1C0AC6E700174028 /* 22.wav in Resources */ = {isa = PBXBuildFile; fileRef = 7B73794E1C0AC6E700174028 /* 22.wav */; };
		7B73796D1C0AC6E700174028 /* 23.wav in Resources */ = {isa = PBXBuildFile; fileRef = 7B73794F1C0AC6E700174028 /* 23.wav */; };
		7B73796E1C0AC6E700174028 /* 24.wav in Resources */ = {isa = PBXBuildFile; fileRef = 7B7379501C0AC6E700174028 /* 24.wav */; };
		7B73796F1C0AC6E700174028 /* 25.wav in Resources */ = {isa = PBXBuildFile; fileRef = 7B7379511C0AC6E700174028 /* 25.wav */; };
		7B7379701C0AC6E700174028 /* 26.wav in Resources */ = {isa = PBXBuildFile; fileRef = 7B7379521C0AC6E700174028 /* 26.wav */; };
		7B7379711C0AC6E700174028 /* 27.wav in Resources */ = {isa = PBXBuildFile; fileRef = 7B7379531C0AC6E700174028 /* 27.wav */; };
		7B7379721C0AC6E700174028 /* 28.wav in Resources */ = {isa = PBXBuildFile; fileRef = 7B7379541C0AC6E700174028 /* 28.wav */; };
		7B7379731C0AC6E700174028 /* 29.wav in Resources */ = {isa = PBXBuildFile; fileRef = 7B7379551C0AC6E700174028 /* 29.wav */; };
		7B7379741C0AC6E700174028 /* 30.wav in Resources */ = {isa = PBXBuildFile; fileRef = 7B7379561C0AC6E700174028 /* 30.wav */; };
		7B7379751C0AC6E700174028 /* 31.wav in Resources */ = {isa = PBXBuildFile; fileRef = 7B7379571C0AC6E700174028 /* 31.wav */; };
		7B7379761C0AC6E700174028 /* 32.wav in Resources */ = {isa = PBXBuildFile; fileRef = 7B7379581C0AC6E700174028 /* 32.wav */; };
		7B7379771C0AC6E700174028 /* 33.wav in Resources */ = {isa = PBXBuildFile; fileRef = 7B7379591C0AC6E700174028 /* 33.wav */; };
		7B7379781C0AC6E700174028 /* 34.wav in Resources */ = {isa = PBXBuildFile; fileRef = 7B73795A1C0AC6E700174028 /* 34.wav */; };
		7B7379791C0AC6E700174028 /* 35.wav in Resources */ = {isa = PBXBuildFile; fileRef = 7B73795B1C0AC6E700174028 /* 35.wav */; };
		7B73797A1C0AC6E700174028 /* 36.wav in Resources */ = {isa = PBXBuildFile; fileRef = 7B73795C1C0AC6E700174028 /* 36.wav */; };
		7B73797B1C0AC6E800174028 /* 37.wav in Resources */ = {isa = PBXBuildFile; fileRef = 7B73795D1C0AC6E700174028 /* 37.wav */; };
		7B73797C1C0AC6E800174028 /* 38.wav in Resources */ = {isa = PBXBuildFile; fileRef = 7B73795E1C0AC6E700174028 /* 38.wav */; };
		7B73797D1C0AC6E800174028 /* 39.wav in Resources */ = {isa = PBXBuildFile; fileRef = 7B73795F1C0AC6E700174028 /* 39.wav */; };
		7B73797E1C0AC6E800174028 /* 40.wav in Resources */ = {isa = PBXBuildFile; fileRef = 7B7379601C0AC6E700174028 /* 40.wav */; };
		7B7379801C0B20B200174028 /* ver in Resources */ = {isa = PBXBuildFile; fileRef = 7B73797F1C0B20B200174028 /* ver */; };
		7B8365D91BF042AA0034728E /* Config.m in Sources */ = {isa = PBXBuildFile; fileRef = 7B8365D81BF042AA0034728E /* Config.m */; };
		7B84BE571BEA5D270091FC7D /* PreSvaeView.m in Sources */ = {isa = PBXBuildFile; fileRef = 7B84BE561BEA5D270091FC7D /* PreSvaeView.m */; };
		7B8FA0A01BF8B2D500F72934 /* numberfont.ttf in Resources */ = {isa = PBXBuildFile; fileRef = 7B8FA09F1BF8ACB400F72934 /* numberfont.ttf */; };
		7BBA93031BE3BE37001F8F31 /* setting.png in Resources */ = {isa = PBXBuildFile; fileRef = 7BBA93021BE3BE37001F8F31 /* setting.png */; };
		7BBA93081BE511EE001F8F31 /* settingdb.xcdatamodeld in Sources */ = {isa = PBXBuildFile; fileRef = 7BBA93061BE511EE001F8F31 /* settingdb.xcdatamodeld */; };
		7BBA930B1BE51274001F8F31 /* DBmanger.m in Sources */ = {isa = PBXBuildFile; fileRef = 7BBA930A1BE51274001F8F31 /* DBmanger.m */; };
		7BBA93141BE63B4E001F8F31 /* Common.framework in Frameworks */ = {isa = PBXBuildFile; fileRef = 7BBA93131BE63B4E001F8F31 /* Common.framework */; };
		7BBA93161BE63B90001F8F31 /* Common.framework in CopyFiles */ = {isa = PBXBuildFile; fileRef = 7BBA93131BE63B4E001F8F31 /* Common.framework */; settings = {ATTRIBUTES = (CodeSignOnCopy, RemoveHeadersOnCopy, ); }; };
		7BBA93191BE65422001F8F31 /* MBProgressHUD.m in Sources */ = {isa = PBXBuildFile; fileRef = 7BBA93181BE65422001F8F31 /* MBProgressHUD.m */; };
		7BBA931E1BE65470001F8F31 /* ASValuePopUpView.m in Sources */ = {isa = PBXBuildFile; fileRef = 7BBA931B1BE65470001F8F31 /* ASValuePopUpView.m */; };
		7BBA931F1BE65470001F8F31 /* ASValueTrackingSlider.m in Sources */ = {isa = PBXBuildFile; fileRef = 7BBA931D1BE65470001F8F31 /* ASValueTrackingSlider.m */; };
		7BBBFC831BE3428D00EF539B /* main.m in Sources */ = {isa = PBXBuildFile; fileRef = 7BBBFC821BE3428D00EF539B /* main.m */; };
		7BBBFC861BE3428D00EF539B /* AppDelegate.m in Sources */ = {isa = PBXBuildFile; fileRef = 7BBBFC851BE3428D00EF539B /* AppDelegate.m */; };
		7BBBFC8C1BE3428E00EF539B /* Main.storyboard in Resources */ = {isa = PBXBuildFile; fileRef = 7BBBFC8A1BE3428E00EF539B /* Main.storyboard */; };
		7BBBFC8E1BE3428E00EF539B /* Assets.xcassets in Resources */ = {isa = PBXBuildFile; fileRef = 7BBBFC8D1BE3428E00EF539B /* Assets.xcassets */; };
		7BBBFC911BE3428E00EF539B /* LaunchScreen.storyboard in Resources */ = {isa = PBXBuildFile; fileRef = 7BBBFC8F1BE3428E00EF539B /* LaunchScreen.storyboard */; };
		7BBBFC9A1BE34BD100EF539B /* MainNavigation.m in Sources */ = {isa = PBXBuildFile; fileRef = 7BBBFC991BE34BD100EF539B /* MainNavigation.m */; };
		7BBBFC9D1BE34BF900EF539B /* MainViewControl.m in Sources */ = {isa = PBXBuildFile; fileRef = 7BBBFC9C1BE34BF900EF539B /* MainViewControl.m */; };
		7BBBFCA01BE34C1800EF539B /* SettingViewControl.m in Sources */ = {isa = PBXBuildFile; fileRef = 7BBBFC9F1BE34C1800EF539B /* SettingViewControl.m */; };
		7BBBFCA31BE34C3D00EF539B /* ListViewControl.m in Sources */ = {isa = PBXBuildFile; fileRef = 7BBBFCA21BE34C3D00EF539B /* ListViewControl.m */; };
		7BD763121BFCCE6B00429AA6 /* PlaySpeak.m in Sources */ = {isa = PBXBuildFile; fileRef = 7BD763111BFCCE6B00429AA6 /* PlaySpeak.m */; };
		7BD763141C00BD1400429AA6 /* AVFoundation.framework in Frameworks */ = {isa = PBXBuildFile; fileRef = 7BD763131C00BD1400429AA6 /* AVFoundation.framework */; };
		7BD763181C00C8C500429AA6 /* backaudio.m4a in Resources */ = {isa = PBXBuildFile; fileRef = 7BD763171C00C77800429AA6 /* backaudio.m4a */; };
		7BD763361C01AD0C00429AA6 /* 1.wav in Resources */ = {isa = PBXBuildFile; fileRef = 7BD763281C01AD0C00429AA6 /* 1.wav */; };
		7BD763371C01AD0C00429AA6 /* 2.wav in Resources */ = {isa = PBXBuildFile; fileRef = 7BD763291C01AD0C00429AA6 /* 2.wav */; };
		7BD763381C01AD0C00429AA6 /* 3.wav in Resources */ = {isa = PBXBuildFile; fileRef = 7BD7632A1C01AD0C00429AA6 /* 3.wav */; };
		7BD763391C01AD0C00429AA6 /* 4.wav in Resources */ = {isa = PBXBuildFile; fileRef = 7BD7632B1C01AD0C00429AA6 /* 4.wav */; };
		7BD7633A1C01AD0C00429AA6 /* 5.wav in Resources */ = {isa = PBXBuildFile; fileRef = 7BD7632C1C01AD0C00429AA6 /* 5.wav */; };
		7BD7633B1C01AD0C00429AA6 /* 6.wav in Resources */ = {isa = PBXBuildFile; fileRef = 7BD7632D1C01AD0C00429AA6 /* 6.wav */; };
		7BD7633C1C01AD0C00429AA6 /* 7.wav in Resources */ = {isa = PBXBuildFile; fileRef = 7BD7632E1C01AD0C00429AA6 /* 7.wav */; };
		7BD7633D1C01AD0C00429AA6 /* 8.wav in Resources */ = {isa = PBXBuildFile; fileRef = 7BD7632F1C01AD0C00429AA6 /* 8.wav */; };
		7BD7633E1C01AD0C00429AA6 /* 9.wav in Resources */ = {isa = PBXBuildFile; fileRef = 7BD763301C01AD0C00429AA6 /* 9.wav */; };
		7BD7633F1C01AD0C00429AA6 /* 10.wav in Resources */ = {isa = PBXBuildFile; fileRef = 7BD763311C01AD0C00429AA6 /* 10.wav */; };
		7BD763401C01AD0C00429AA6 /* ci.wav in Resources */ = {isa = PBXBuildFile; fileRef = 7BD763321C01AD0C00429AA6 /* ci.wav */; };
		7BD763411C01AD0C00429AA6 /* go.wav in Resources */ = {isa = PBXBuildFile; fileRef = 7BD763331C01AD0C00429AA6 /* go.wav */; };
		7BD763421C01AD0C00429AA6 /* meizu.wav in Resources */ = {isa = PBXBuildFile; fileRef = 7BD763341C01AD0C00429AA6 /* meizu.wav */; };
		7BD763431C01AD0C00429AA6 /* rest.wav in Resources */ = {isa = PBXBuildFile; fileRef = 7BD763351C01AD0C00429AA6 /* rest.wav */; };
		7BD763451C01BD1000429AA6 /* endrest.wav in Resources */ = {isa = PBXBuildFile; fileRef = 7BD763441C01BD1000429AA6 /* endrest.wav */; };
		7BD763491C021FF100429AA6 /* finish.wav in Resources */ = {isa = PBXBuildFile; fileRef = 7BD763481C021FF100429AA6 /* finish.wav */; };
/* End PBXBuildFile section */

/* Begin PBXCopyFilesBuildPhase section */
		7BBA93151BE63B8B001F8F31 /* CopyFiles */ = {
			isa = PBXCopyFilesBuildPhase;
			buildActionMask = 2147483647;
			dstPath = "";
			dstSubfolderSpec = 10;
			files = (
				7BBA93161BE63B90001F8F31 /* Common.framework in CopyFiles */,
			);
			runOnlyForDeploymentPostprocessing = 0;
		};
/* End PBXCopyFilesBuildPhase section */

/* Begin PBXFileReference section */
		7B0BC8F91BFB8D01001276D9 /* libstdc++.tbd */ = {isa = PBXFileReference; lastKnownFileType = "sourcecode.text-based-dylib-definition"; name = "libstdc++.tbd"; path = "usr/lib/libstdc++.tbd"; sourceTree = SDKROOT; };
		7B7378E91C07627200174028 /* appico.png */ = {isa = PBXFileReference; lastKnownFileType = image.png; path = appico.png; sourceTree = "<group>"; };
		7B7379081C08C09600174028 /* digital-7.ttf */ = {isa = PBXFileReference; lastKnownFileType = file; path = "digital-7.ttf"; sourceTree = "<group>"; };
		7B7379411C0AC4D100174028 /* ding.wav */ = {isa = PBXFileReference; lastKnownFileType = audio.wav; path = ding.wav; sourceTree = "<group>"; };
		7B7379431C0AC6E700174028 /* 11.wav */ = {isa = PBXFileReference; lastKnownFileType = audio.wav; path = 11.wav; sourceTree = "<group>"; };
		7B7379441C0AC6E700174028 /* 12.wav */ = {isa = PBXFileReference; lastKnownFileType = audio.wav; path = 12.wav; sourceTree = "<group>"; };
		7B7379451C0AC6E700174028 /* 13.wav */ = {isa = PBXFileReference; lastKnownFileType = audio.wav; path = 13.wav; sourceTree = "<group>"; };
		7B7379461C0AC6E700174028 /* 14.wav */ = {isa = PBXFileReference; lastKnownFileType = audio.wav; path = 14.wav; sourceTree = "<group>"; };
		7B7379471C0AC6E700174028 /* 15.wav */ = {isa = PBXFileReference; lastKnownFileType = audio.wav; path = 15.wav; sourceTree = "<group>"; };
		7B7379481C0AC6E700174028 /* 16.wav */ = {isa = PBXFileReference; lastKnownFileType = audio.wav; path = 16.wav; sourceTree = "<group>"; };
		7B7379491C0AC6E700174028 /* 17.wav */ = {isa = PBXFileReference; lastKnownFileType = audio.wav; path = 17.wav; sourceTree = "<group>"; };
		7B73794A1C0AC6E700174028 /* 18.wav */ = {isa = PBXFileReference; lastKnownFileType = audio.wav; path = 18.wav; sourceTree = "<group>"; };
		7B73794B1C0AC6E700174028 /* 19.wav */ = {isa = PBXFileReference; lastKnownFileType = audio.wav; path = 19.wav; sourceTree = "<group>"; };
		7B73794C1C0AC6E700174028 /* 20.wav */ = {isa = PBXFileReference; lastKnownFileType = audio.wav; path = 20.wav; sourceTree = "<group>"; };
		7B73794D1C0AC6E700174028 /* 21.wav */ = {isa = PBXFileReference; lastKnownFileType = audio.wav; path = 21.wav; sourceTree = "<group>"; };
		7B73794E1C0AC6E700174028 /* 22.wav */ = {isa = PBXFileReference; lastKnownFileType = audio.wav; path = 22.wav; sourceTree = "<group>"; };
		7B73794F1C0AC6E700174028 /* 23.wav */ = {isa = PBXFileReference; lastKnownFileType = audio.wav; path = 23.wav; sourceTree = "<group>"; };
		7B7379501C0AC6E700174028 /* 24.wav */ = {isa = PBXFileReference; lastKnownFileType = audio.wav; path = 24.wav; sourceTree = "<group>"; };
		7B7379511C0AC6E700174028 /* 25.wav */ = {isa = PBXFileReference; lastKnownFileType = audio.wav; path = 25.wav; sourceTree = "<group>"; };
		7B7379521C0AC6E700174028 /* 26.wav */ = {isa = PBXFileReference; lastKnownFileType = audio.wav; path = 26.wav; sourceTree = "<group>"; };
		7B7379531C0AC6E700174028 /* 27.wav */ = {isa = PBXFileReference; lastKnownFileType = audio.wav; path = 27.wav; sourceTree = "<group>"; };
		7B7379541C0AC6E700174028 /* 28.wav */ = {isa = PBXFileReference; lastKnownFileType = audio.wav; path = 28.wav; sourceTree = "<group>"; };
		7B7379551C0AC6E700174028 /* 29.wav */ = {isa = PBXFileReference; lastKnownFileType = audio.wav; path = 29.wav; sourceTree = "<group>"; };
		7B7379561C0AC6E700174028 /* 30.wav */ = {isa = PBXFileReference; lastKnownFileType = audio.wav; path = 30.wav; sourceTree = "<group>"; };
		7B7379571C0AC6E700174028 /* 31.wav */ = {isa = PBXFileReference; lastKnownFileType = audio.wav; path = 31.wav; sourceTree = "<group>"; };
		7B7379581C0AC6E700174028 /* 32.wav */ = {isa = PBXFileReference; lastKnownFileType = audio.wav; path = 32.wav; sourceTree = "<group>"; };
		7B7379591C0AC6E700174028 /* 33.wav */ = {isa = PBXFileReference; lastKnownFileType = audio.wav; path = 33.wav; sourceTree = "<group>"; };
		7B73795A1C0AC6E700174028 /* 34.wav */ = {isa = PBXFileReference; lastKnownFileType = audio.wav; path = 34.wav; sourceTree = "<group>"; };
		7B73795B1C0AC6E700174028 /* 35.wav */ = {isa = PBXFileReference; lastKnownFileType = audio.wav; path = 35.wav; sourceTree = "<group>"; };
		7B73795C1C0AC6E700174028 /* 36.wav */ = {isa = PBXFileReference; lastKnownFileType = audio.wav; path = 36.wav; sourceTree = "<group>"; };
		7B73795D1C0AC6E700174028 /* 37.wav */ = {isa = PBXFileReference; lastKnownFileType = audio.wav; path = 37.wav; sourceTree = "<group>"; };
		7B73795E1C0AC6E700174028 /* 38.wav */ = {isa = PBXFileReference; lastKnownFileType = audio.wav; path = 38.wav; sourceTree = "<group>"; };
		7B73795F1C0AC6E700174028 /* 39.wav */ = {isa = PBXFileReference; lastKnownFileType = audio.wav; path = 39.wav; sourceTree = "<group>"; };
		7B7379601C0AC6E700174028 /* 40.wav */ = {isa = PBXFileReference; lastKnownFileType = audio.wav; path = 40.wav; sourceTree = "<group>"; };
		7B73797F1C0B20B200174028 /* ver */ = {isa = PBXFileReference; fileEncoding = 4; lastKnownFileType = text; path = ver; sourceTree = "<group>"; };
		7B8365D71BF042AA0034728E /* Config.h */ = {isa = PBXFileReference; fileEncoding = 4; lastKnownFileType = sourcecode.c.h; path = Config.h; sourceTree = "<group>"; };
		7B8365D81BF042AA0034728E /* Config.m */ = {isa = PBXFileReference; fileEncoding = 4; lastKnownFileType = sourcecode.c.objc; path = Config.m; sourceTree = "<group>"; };
		7B84BE551BEA5D270091FC7D /* PreSvaeView.h */ = {isa = PBXFileReference; fileEncoding = 4; lastKnownFileType = sourcecode.c.h; path = PreSvaeView.h; sourceTree = "<group>"; };
		7B84BE561BEA5D270091FC7D /* PreSvaeView.m */ = {isa = PBXFileReference; fileEncoding = 4; lastKnownFileType = sourcecode.c.objc; path = PreSvaeView.m; sourceTree = "<group>"; };
		7B8FA09F1BF8ACB400F72934 /* numberfont.ttf */ = {isa = PBXFileReference; lastKnownFileType = file; path = numberfont.ttf; sourceTree = "<group>"; };
		7BBA93021BE3BE37001F8F31 /* setting.png */ = {isa = PBXFileReference; lastKnownFileType = image.png; path = setting.png; sourceTree = "<group>"; };
		7BBA93071BE511EE001F8F31 /* settingdb.xcdatamodel */ = {isa = PBXFileReference; lastKnownFileType = wrapper.xcdatamodel; path = settingdb.xcdatamodel; sourceTree = "<group>"; };
		7BBA93091BE51274001F8F31 /* DBmanger.h */ = {isa = PBXFileReference; fileEncoding = 4; lastKnownFileType = sourcecode.c.h; path = DBmanger.h; sourceTree = "<group>"; };
		7BBA930A1BE51274001F8F31 /* DBmanger.m */ = {isa = PBXFileReference; fileEncoding = 4; lastKnownFileType = sourcecode.c.objc; path = DBmanger.m; sourceTree = "<group>"; };
		7BBA93121BE51866001F8F31 /* setting.h */ = {isa = PBXFileReference; lastKnownFileType = sourcecode.c.h; path = setting.h; sourceTree = "<group>"; };
		7BBA93131BE63B4E001F8F31 /* Common.framework */ = {isa = PBXFileReference; lastKnownFileType = wrapper.framework; path = Common.framework; sourceTree = "<group>"; };
		7BBA93171BE65422001F8F31 /* MBProgressHUD.h */ = {isa = PBXFileReference; fileEncoding = 4; lastKnownFileType = sourcecode.c.h; path = MBProgressHUD.h; sourceTree = "<group>"; };
		7BBA93181BE65422001F8F31 /* MBProgressHUD.m */ = {isa = PBXFileReference; fileEncoding = 4; lastKnownFileType = sourcecode.c.objc; path = MBProgressHUD.m; sourceTree = "<group>"; };
		7BBA931A1BE65470001F8F31 /* ASValuePopUpView.h */ = {isa = PBXFileReference; fileEncoding = 4; lastKnownFileType = sourcecode.c.h; path = ASValuePopUpView.h; sourceTree = "<group>"; };
		7BBA931B1BE65470001F8F31 /* ASValuePopUpView.m */ = {isa = PBXFileReference; fileEncoding = 4; lastKnownFileType = sourcecode.c.objc; path = ASValuePopUpView.m; sourceTree = "<group>"; };
		7BBA931C1BE65470001F8F31 /* ASValueTrackingSlider.h */ = {isa = PBXFileReference; fileEncoding = 4; lastKnownFileType = sourcecode.c.h; path = ASValueTrackingSlider.h; sourceTree = "<group>"; };
		7BBA931D1BE65470001F8F31 /* ASValueTrackingSlider.m */ = {isa = PBXFileReference; fileEncoding = 4; lastKnownFileType = sourcecode.c.objc; path = ASValueTrackingSlider.m; sourceTree = "<group>"; };
		7BBBFC7E1BE3428D00EF539B /* SpeakNumber.app */ = {isa = PBXFileReference; explicitFileType = wrapper.application; includeInIndex = 0; path = SpeakNumber.app; sourceTree = BUILT_PRODUCTS_DIR; };
		7BBBFC821BE3428D00EF539B /* main.m */ = {isa = PBXFileReference; lastKnownFileType = sourcecode.c.objc; path = main.m; sourceTree = "<group>"; };
		7BBBFC841BE3428D00EF539B /* AppDelegate.h */ = {isa = PBXFileReference; lastKnownFileType = sourcecode.c.h; path = AppDelegate.h; sourceTree = "<group>"; };
		7BBBFC851BE3428D00EF539B /* AppDelegate.m */ = {isa = PBXFileReference; lastKnownFileType = sourcecode.c.objc; path = AppDelegate.m; sourceTree = "<group>"; };
		7BBBFC8B1BE3428E00EF539B /* Base */ = {isa = PBXFileReference; lastKnownFileType = file.storyboard; name = Base; path = Base.lproj/Main.storyboard; sourceTree = "<group>"; };
		7BBBFC8D1BE3428E00EF539B /* Assets.xcassets */ = {isa = PBXFileReference; lastKnownFileType = folder.assetcatalog; path = Assets.xcassets; sourceTree = "<group>"; };
		7BBBFC901BE3428E00EF539B /* Base */ = {isa = PBXFileReference; lastKnownFileType = file.storyboard; name = Base; path = Base.lproj/LaunchScreen.storyboard; sourceTree = "<group>"; };
		7BBBFC921BE3428E00EF539B /* Info.plist */ = {isa = PBXFileReference; lastKnownFileType = text.plist.xml; path = Info.plist; sourceTree = "<group>"; };
		7BBBFC981BE34BD100EF539B /* MainNavigation.h */ = {isa = PBXFileReference; fileEncoding = 4; lastKnownFileType = sourcecode.c.h; path = MainNavigation.h; sourceTree = "<group>"; };
		7BBBFC991BE34BD100EF539B /* MainNavigation.m */ = {isa = PBXFileReference; fileEncoding = 4; lastKnownFileType = sourcecode.c.objc; path = MainNavigation.m; sourceTree = "<group>"; };
		7BBBFC9B1BE34BF900EF539B /* MainViewControl.h */ = {isa = PBXFileReference; fileEncoding = 4; lastKnownFileType = sourcecode.c.h; path = MainViewControl.h; sourceTree = "<group>"; };
		7BBBFC9C1BE34BF900EF539B /* MainViewControl.m */ = {isa = PBXFileReference; fileEncoding = 4; lastKnownFileType = sourcecode.c.objc; path = MainViewControl.m; sourceTree = "<group>"; };
		7BBBFC9E1BE34C1800EF539B /* SettingViewControl.h */ = {isa = PBXFileReference; fileEncoding = 4; lastKnownFileType = sourcecode.c.h; path = SettingViewControl.h; sourceTree = "<group>"; };
		7BBBFC9F1BE34C1800EF539B /* SettingViewControl.m */ = {isa = PBXFileReference; fileEncoding = 4; lastKnownFileType = sourcecode.c.objc; path = SettingViewControl.m; sourceTree = "<group>"; };
		7BBBFCA11BE34C3D00EF539B /* ListViewControl.h */ = {isa = PBXFileReference; fileEncoding = 4; lastKnownFileType = sourcecode.c.h; path = ListViewControl.h; sourceTree = "<group>"; };
		7BBBFCA21BE34C3D00EF539B /* ListViewControl.m */ = {isa = PBXFileReference; fileEncoding = 4; lastKnownFileType = sourcecode.c.objc; path = ListViewControl.m; sourceTree = "<group>"; };
		7BD763101BFCCE6B00429AA6 /* PlaySpeak.h */ = {isa = PBXFileReference; fileEncoding = 4; lastKnownFileType = sourcecode.c.h; path = PlaySpeak.h; sourceTree = "<group>"; };
		7BD763111BFCCE6B00429AA6 /* PlaySpeak.m */ = {isa = PBXFileReference; fileEncoding = 4; lastKnownFileType = sourcecode.c.objc; path = PlaySpeak.m; sourceTree = "<group>"; };
		7BD763131C00BD1400429AA6 /* AVFoundation.framework */ = {isa = PBXFileReference; lastKnownFileType = wrapper.framework; name = AVFoundation.framework; path = System/Library/Frameworks/AVFoundation.framework; sourceTree = SDKROOT; };
		7BD763171C00C77800429AA6 /* backaudio.m4a */ = {isa = PBXFileReference; lastKnownFileType = file; path = backaudio.m4a; sourceTree = "<group>"; };
		7BD763281C01AD0C00429AA6 /* 1.wav */ = {isa = PBXFileReference; lastKnownFileType = audio.wav; path = 1.wav; sourceTree = "<group>"; };
		7BD763291C01AD0C00429AA6 /* 2.wav */ = {isa = PBXFileReference; lastKnownFileType = audio.wav; path = 2.wav; sourceTree = "<group>"; };
		7BD7632A1C01AD0C00429AA6 /* 3.wav */ = {isa = PBXFileReference; lastKnownFileType = audio.wav; path = 3.wav; sourceTree = "<group>"; };
		7BD7632B1C01AD0C00429AA6 /* 4.wav */ = {isa = PBXFileReference; lastKnownFileType = audio.wav; path = 4.wav; sourceTree = "<group>"; };
		7BD7632C1C01AD0C00429AA6 /* 5.wav */ = {isa = PBXFileReference; lastKnownFileType = audio.wav; path = 5.wav; sourceTree = "<group>"; };
		7BD7632D1C01AD0C00429AA6 /* 6.wav */ = {isa = PBXFileReference; lastKnownFileType = audio.wav; path = 6.wav; sourceTree = "<group>"; };
		7BD7632E1C01AD0C00429AA6 /* 7.wav */ = {isa = PBXFileReference; lastKnownFileType = audio.wav; path = 7.wav; sourceTree = "<group>"; };
		7BD7632F1C01AD0C00429AA6 /* 8.wav */ = {isa = PBXFileReference; lastKnownFileType = audio.wav; path = 8.wav; sourceTree = "<group>"; };
		7BD763301C01AD0C00429AA6 /* 9.wav */ = {isa = PBXFileReference; lastKnownFileType = audio.wav; path = 9.wav; sourceTree = "<group>"; };
		7BD763311C01AD0C00429AA6 /* 10.wav */ = {isa = PBXFileReference; lastKnownFileType = audio.wav; path = 10.wav; sourceTree = "<group>"; };
		7BD763321C01AD0C00429AA6 /* ci.wav */ = {isa = PBXFileReference; lastKnownFileType = audio.wav; path = ci.wav; sourceTree = "<group>"; };
		7BD763331C01AD0C00429AA6 /* go.wav */ = {isa = PBXFileReference; lastKnownFileType = audio.wav; path = go.wav; sourceTree = "<group>"; };
		7BD763341C01AD0C00429AA6 /* meizu.wav */ = {isa = PBXFileReference; lastKnownFileType = audio.wav; path = meizu.wav; sourceTree = "<group>"; };
		7BD763351C01AD0C00429AA6 /* rest.wav */ = {isa = PBXFileReference; lastKnownFileType = audio.wav; path = rest.wav; sourceTree = "<group>"; };
		7BD763441C01BD1000429AA6 /* endrest.wav */ = {isa = PBXFileReference; lastKnownFileType = audio.wav; path = endrest.wav; sourceTree = "<group>"; };
		7BD763481C021FF100429AA6 /* finish.wav */ = {isa = PBXFileReference; lastKnownFileType = audio.wav; path = finish.wav; sourceTree = "<group>"; };
/* End PBXFileReference section */

/* Begin PBXFrameworksBuildPhase section */
		7BBBFC7B1BE3428D00EF539B /* Frameworks */ = {
			isa = PBXFrameworksBuildPhase;
			buildActionMask = 2147483647;
			files = (
				7BD763141C00BD1400429AA6 /* AVFoundation.framework in Frameworks */,
				7BBA93141BE63B4E001F8F31 /* Common.framework in Frameworks */,
			);
			runOnlyForDeploymentPostprocessing = 0;
		};
/* End PBXFrameworksBuildPhase section */

/* Begin PBXGroup section */
		7BBA93051BE511C3001F8F31 /* db */ = {
			isa = PBXGroup;
			children = (
				7B8365D71BF042AA0034728E /* Config.h */,
				7B8365D81BF042AA0034728E /* Config.m */,
				7BBA93091BE51274001F8F31 /* DBmanger.h */,
				7BBA930A1BE51274001F8F31 /* DBmanger.m */,
				7BBA93061BE511EE001F8F31 /* settingdb.xcdatamodeld */,
			);
			name = db;
			sourceTree = "<group>";
		};
		7BBBFC751BE3428D00EF539B = {
			isa = PBXGroup;
			children = (
				7BBBFC801BE3428D00EF539B /* SpeakNumber */,
				7BBBFC7F1BE3428D00EF539B /* Products */,
			);
			sourceTree = "<group>";
		};
		7BBBFC7F1BE3428D00EF539B /* Products */ = {
			isa = PBXGroup;
			children = (
				7BBBFC7E1BE3428D00EF539B /* SpeakNumber.app */,
			);
			name = Products;
			sourceTree = "<group>";
		};
		7BBBFC801BE3428D00EF539B /* SpeakNumber */ = {
			isa = PBXGroup;
			children = (
				7B0BC8F91BFB8D01001276D9 /* libstdc++.tbd */,
				7BD763131C00BD1400429AA6 /* AVFoundation.framework */,
				7B7379081C08C09600174028 /* digital-7.ttf */,
				7B7378E91C07627200174028 /* appico.png */,
				7BD7631A1C01A8D400429AA6 /* audio */,
				7B8FA09F1BF8ACB400F72934 /* numberfont.ttf */,
				7BBA931A1BE65470001F8F31 /* ASValuePopUpView.h */,
				7BBA931B1BE65470001F8F31 /* ASValuePopUpView.m */,
				7BBA931C1BE65470001F8F31 /* ASValueTrackingSlider.h */,
				7BBA931D1BE65470001F8F31 /* ASValueTrackingSlider.m */,
				7BBA93171BE65422001F8F31 /* MBProgressHUD.h */,
				7BBA93181BE65422001F8F31 /* MBProgressHUD.m */,
				7BBA93131BE63B4E001F8F31 /* Common.framework */,
				7BBA93051BE511C3001F8F31 /* db */,
				7BBA93021BE3BE37001F8F31 /* setting.png */,
				7BBBFC841BE3428D00EF539B /* AppDelegate.h */,
				7BBBFC851BE3428D00EF539B /* AppDelegate.m */,
				7BBBFC8A1BE3428E00EF539B /* Main.storyboard */,
				7BBBFC8D1BE3428E00EF539B /* Assets.xcassets */,
				7BBBFC8F1BE3428E00EF539B /* LaunchScreen.storyboard */,
				7BBBFC921BE3428E00EF539B /* Info.plist */,
				7BBBFC811BE3428D00EF539B /* Supporting Files */,
				7BBBFC981BE34BD100EF539B /* MainNavigation.h */,
				7BBBFC991BE34BD100EF539B /* MainNavigation.m */,
				7BBBFC9B1BE34BF900EF539B /* MainViewControl.h */,
				7BBBFC9C1BE34BF900EF539B /* MainViewControl.m */,
				7BBBFC9E1BE34C1800EF539B /* SettingViewControl.h */,
				7BBBFC9F1BE34C1800EF539B /* SettingViewControl.m */,
				7BBBFCA11BE34C3D00EF539B /* ListViewControl.h */,
				7BBBFCA21BE34C3D00EF539B /* ListViewControl.m */,
				7BBA93121BE51866001F8F31 /* setting.h */,
				7B84BE551BEA5D270091FC7D /* PreSvaeView.h */,
				7B84BE561BEA5D270091FC7D /* PreSvaeView.m */,
				7BD763101BFCCE6B00429AA6 /* PlaySpeak.h */,
				7BD763111BFCCE6B00429AA6 /* PlaySpeak.m */,
				7B73797F1C0B20B200174028 /* ver */,
			);
			path = SpeakNumber;
			sourceTree = "<group>";
		};
		7BBBFC811BE3428D00EF539B /* Supporting Files */ = {
			isa = PBXGroup;
			children = (
				7BBBFC821BE3428D00EF539B /* main.m */,
			);
			name = "Supporting Files";
			sourceTree = "<group>";
		};
		7BD7631A1C01A8D400429AA6 /* audio */ = {
			isa = PBXGroup;
			children = (
				7B7379411C0AC4D100174028 /* ding.wav */,
				7BD763441C01BD1000429AA6 /* endrest.wav */,
				7B7379431C0AC6E700174028 /* 11.wav */,
				7B7379441C0AC6E700174028 /* 12.wav */,
				7B7379451C0AC6E700174028 /* 13.wav */,
				7B7379461C0AC6E700174028 /* 14.wav */,
				7B7379471C0AC6E700174028 /* 15.wav */,
				7B7379481C0AC6E700174028 /* 16.wav */,
				7B7379491C0AC6E700174028 /* 17.wav */,
				7B73794A1C0AC6E700174028 /* 18.wav */,
				7B73794B1C0AC6E700174028 /* 19.wav */,
				7B73794C1C0AC6E700174028 /* 20.wav */,
				7B73794D1C0AC6E700174028 /* 21.wav */,
				7B73794E1C0AC6E700174028 /* 22.wav */,
				7B73794F1C0AC6E700174028 /* 23.wav */,
				7B7379501C0AC6E700174028 /* 24.wav */,
				7B7379511C0AC6E700174028 /* 25.wav */,
				7B7379521C0AC6E700174028 /* 26.wav */,
				7B7379531C0AC6E700174028 /* 27.wav */,
				7B7379541C0AC6E700174028 /* 28.wav */,
				7B7379551C0AC6E700174028 /* 29.wav */,
				7B7379561C0AC6E700174028 /* 30.wav */,
				7B7379571C0AC6E700174028 /* 31.wav */,
				7B7379581C0AC6E700174028 /* 32.wav */,
				7B7379591C0AC6E700174028 /* 33.wav */,
				7B73795A1C0AC6E700174028 /* 34.wav */,
				7B73795B1C0AC6E700174028 /* 35.wav */,
				7B73795C1C0AC6E700174028 /* 36.wav */,
				7B73795D1C0AC6E700174028 /* 37.wav */,
				7B73795E1C0AC6E700174028 /* 38.wav */,
				7B73795F1C0AC6E700174028 /* 39.wav */,
				7B7379601C0AC6E700174028 /* 40.wav */,
				7BD763281C01AD0C00429AA6 /* 1.wav */,
				7BD763291C01AD0C00429AA6 /* 2.wav */,
				7BD7632A1C01AD0C00429AA6 /* 3.wav */,
				7BD7632B1C01AD0C00429AA6 /* 4.wav */,
				7BD7632C1C01AD0C00429AA6 /* 5.wav */,
				7BD7632D1C01AD0C00429AA6 /* 6.wav */,
				7BD7632E1C01AD0C00429AA6 /* 7.wav */,
				7BD763481C021FF100429AA6 /* finish.wav */,
				7BD7632F1C01AD0C00429AA6 /* 8.wav */,
				7BD763301C01AD0C00429AA6 /* 9.wav */,
				7BD763311C01AD0C00429AA6 /* 10.wav */,
				7BD763321C01AD0C00429AA6 /* ci.wav */,
				7BD763331C01AD0C00429AA6 /* go.wav */,
				7BD763341C01AD0C00429AA6 /* meizu.wav */,
				7BD763351C01AD0C00429AA6 /* rest.wav */,
				7BD763171C00C77800429AA6 /* backaudio.m4a */,
			);
			name = audio;
			sourceTree = "<group>";
		};
/* End PBXGroup section */

/* Begin PBXNativeTarget section */
		7BBBFC7D1BE3428D00EF539B /* SpeakNumber */ = {
			isa = PBXNativeTarget;
			buildConfigurationList = 7BBBFC951BE3428E00EF539B /* Build configuration list for PBXNativeTarget "SpeakNumber" */;
			buildPhases = (
				7BBBFC7A1BE3428D00EF539B /* Sources */,
				7BBBFC7B1BE3428D00EF539B /* Frameworks */,
				7BBBFC7C1BE3428D00EF539B /* Resources */,
				7BBA93151BE63B8B001F8F31 /* CopyFiles */,
			);
			buildRules = (
			);
			dependencies = (
			);
			name = SpeakNumber;
			productName = SpeakNumber;
			productReference = 7BBBFC7E1BE3428D00EF539B /* SpeakNumber.app */;
			productType = "com.apple.product-type.application";
		};
/* End PBXNativeTarget section */

/* Begin PBXProject section */
		7BBBFC761BE3428D00EF539B /* Project object */ = {
			isa = PBXProject;
			attributes = {
				LastUpgradeCheck = 0710;
				ORGANIZATIONNAME = com.epoluodi;
				TargetAttributes = {
					7BBBFC7D1BE3428D00EF539B = {
						CreatedOnToolsVersion = 7.1;
						DevelopmentTeam = RK2BTW6E76;
					};
				};
			};
			buildConfigurationList = 7BBBFC791BE3428D00EF539B /* Build configuration list for PBXProject "SpeakNumber" */;
			compatibilityVersion = "Xcode 3.2";
			developmentRegion = English;
			hasScannedForEncodings = 0;
			knownRegions = (
				en,
				Base,
			);
			mainGroup = 7BBBFC751BE3428D00EF539B;
			productRefGroup = 7BBBFC7F1BE3428D00EF539B /* Products */;
			projectDirPath = "";
			projectRoot = "";
			targets = (
				7BBBFC7D1BE3428D00EF539B /* SpeakNumber */,
			);
		};
/* End PBXProject section */

/* Begin PBXResourcesBuildPhase section */
		7BBBFC7C1BE3428D00EF539B /* Resources */ = {
			isa = PBXResourcesBuildPhase;
			buildActionMask = 2147483647;
			files = (
				7B73797B1C0AC6E800174028 /* 37.wav in Resources */,
				7B7379701C0AC6E700174028 /* 26.wav in Resources */,
				7B73796E1C0AC6E700174028 /* 24.wav in Resources */,
				7B7379611C0AC6E700174028 /* 11.wav in Resources */,
				7B73796D1C0AC6E700174028 /* 23.wav in Resources */,
				7B7379621C0AC6E700174028 /* 12.wav in Resources */,
				7B7379721C0AC6E700174028 /* 28.wav in Resources */,
				7B7379401C0ABEEC00174028 /* digital-7.ttf in Resources */,
				7BD7633A1C01AD0C00429AA6 /* 5.wav in Resources */,
				7B7379771C0AC6E700174028 /* 33.wav in Resources */,
				7BD763421C01AD0C00429AA6 /* meizu.wav in Resources */,
				7B73796A1C0AC6E700174028 /* 20.wav in Resources */,
				7BD7633D1C01AD0C00429AA6 /* 8.wav in Resources */,
				7BD7633C1C01AD0C00429AA6 /* 7.wav in Resources */,
				7BD7633F1C01AD0C00429AA6 /* 10.wav in Resources */,
				7BD763181C00C8C500429AA6 /* backaudio.m4a in Resources */,
				7B73796C1C0AC6E700174028 /* 22.wav in Resources */,
				7BD763361C01AD0C00429AA6 /* 1.wav in Resources */,
				7B73797A1C0AC6E700174028 /* 36.wav in Resources */,
				7B7379671C0AC6E700174028 /* 17.wav in Resources */,
				7B73797D1C0AC6E800174028 /* 39.wav in Resources */,
				7B7379651C0AC6E700174028 /* 15.wav in Resources */,
				7BD7633B1C01AD0C00429AA6 /* 6.wav in Resources */,
				7B7378EA1C07627200174028 /* appico.png in Resources */,
				7B7379741C0AC6E700174028 /* 30.wav in Resources */,
				7B7379691C0AC6E700174028 /* 19.wav in Resources */,
				7B7379731C0AC6E700174028 /* 29.wav in Resources */,
				7B8FA0A01BF8B2D500F72934 /* numberfont.ttf in Resources */,
				7BD763371C01AD0C00429AA6 /* 2.wav in Resources */,
				7BD763431C01AD0C00429AA6 /* rest.wav in Resources */,
				7B7379751C0AC6E700174028 /* 31.wav in Resources */,
				7B7379761C0AC6E700174028 /* 32.wav in Resources */,
				7B7379661C0AC6E700174028 /* 16.wav in Resources */,
				7BD763451C01BD1000429AA6 /* endrest.wav in Resources */,
				7BBA93031BE3BE37001F8F31 /* setting.png in Resources */,
				7B73797E1C0AC6E800174028 /* 40.wav in Resources */,
				7B73796F1C0AC6E700174028 /* 25.wav in Resources */,
				7B7379421C0AC4D100174028 /* ding.wav in Resources */,
				7B7379631C0AC6E700174028 /* 13.wav in Resources */,
				7BD7633E1C01AD0C00429AA6 /* 9.wav in Resources */,
				7BBBFC911BE3428E00EF539B /* LaunchScreen.storyboard in Resources */,
				7BD763491C021FF100429AA6 /* finish.wav in Resources */,
				7B7379681C0AC6E700174028 /* 18.wav in Resources */,
				7B7379711C0AC6E700174028 /* 27.wav in Resources */,
				7B7379791C0AC6E700174028 /* 35.wav in Resources */,
				7BD763411C01AD0C00429AA6 /* go.wav in Resources */,
				7BD763381C01AD0C00429AA6 /* 3.wav in Resources */,
				7BBBFC8E1BE3428E00EF539B /* Assets.xcassets in Resources */,
				7B7379801C0B20B200174028 /* ver in Resources */,
				7BBBFC8C1BE3428E00EF539B /* Main.storyboard in Resources */,
				7BD763391C01AD0C00429AA6 /* 4.wav in Resources */,
				7B73796B1C0AC6E700174028 /* 21.wav in Resources */,
				7B73797C1C0AC6E800174028 /* 38.wav in Resources */,
				7BD763401C01AD0C00429AA6 /* ci.wav in Resources */,
				7B7379641C0AC6E700174028 /* 14.wav in Resources */,
				7B7379781C0AC6E700174028 /* 34.wav in Resources */,
			);
			runOnlyForDeploymentPostprocessing = 0;
		};
/* End PBXResourcesBuildPhase section */

/* Begin PBXSourcesBuildPhase section */
		7BBBFC7A1BE3428D00EF539B /* Sources */ = {
			isa = PBXSourcesBuildPhase;
			buildActionMask = 2147483647;
			files = (
				7BBBFCA01BE34C1800EF539B /* SettingViewControl.m in Sources */,
				7B8365D91BF042AA0034728E /* Config.m in Sources */,
				7BBBFC9A1BE34BD100EF539B /* MainNavigation.m in Sources */,
				7BBBFCA31BE34C3D00EF539B /* ListViewControl.m in Sources */,
				7BD763121BFCCE6B00429AA6 /* PlaySpeak.m in Sources */,
				7BBBFC9D1BE34BF900EF539B /* MainViewControl.m in Sources */,
				7B84BE571BEA5D270091FC7D /* PreSvaeView.m in Sources */,
				7BBA93081BE511EE001F8F31 /* settingdb.xcdatamodeld in Sources */,
				7BBA931F1BE65470001F8F31 /* ASValueTrackingSlider.m in Sources */,
				7BBA931E1BE65470001F8F31 /* ASValuePopUpView.m in Sources */,
				7BBA930B1BE51274001F8F31 /* DBmanger.m in Sources */,
				7BBA93191BE65422001F8F31 /* MBProgressHUD.m in Sources */,
				7BBBFC861BE3428D00EF539B /* AppDelegate.m in Sources */,
				7BBBFC831BE3428D00EF539B /* main.m in Sources */,
			);
			runOnlyForDeploymentPostprocessing = 0;
		};
/* End PBXSourcesBuildPhase section */

/* Begin PBXVariantGroup section */
		7BBBFC8A1BE3428E00EF539B /* Main.storyboard */ = {
			isa = PBXVariantGroup;
			children = (
				7BBBFC8B1BE3428E00EF539B /* Base */,
			);
			name = Main.storyboard;
			sourceTree = "<group>";
		};
		7BBBFC8F1BE3428E00EF539B /* LaunchScreen.storyboard */ = {
			isa = PBXVariantGroup;
			children = (
				7BBBFC901BE3428E00EF539B /* Base */,
			);
			name = LaunchScreen.storyboard;
			sourceTree = "<group>";
		};
/* End PBXVariantGroup section */

/* Begin XCBuildConfiguration section */
		7BBBFC931BE3428E00EF539B /* Debug */ = {
			isa = XCBuildConfiguration;
			buildSettings = {
				ALWAYS_SEARCH_USER_PATHS = NO;
				CLANG_CXX_LANGUAGE_STANDARD = "gnu++0x";
				CLANG_CXX_LIBRARY = "libc++";
				CLANG_ENABLE_MODULES = YES;
				CLANG_ENABLE_OBJC_ARC = YES;
				CLANG_WARN_BOOL_CONVERSION = YES;
				CLANG_WARN_CONSTANT_CONVERSION = YES;
				CLANG_WARN_DIRECT_OBJC_ISA_USAGE = YES_ERROR;
				CLANG_WARN_EMPTY_BODY = YES;
				CLANG_WARN_ENUM_CONVERSION = YES;
				CLANG_WARN_INT_CONVERSION = YES;
				CLANG_WARN_OBJC_ROOT_CLASS = YES_ERROR;
				CLANG_WARN_UNREACHABLE_CODE = YES;
				CLANG_WARN__DUPLICATE_METHOD_MATCH = YES;
				"CODE_SIGN_IDENTITY[sdk=iphoneos*]" = "iPhone Developer";
				COPY_PHASE_STRIP = NO;
				DEBUG_INFORMATION_FORMAT = dwarf;
				ENABLE_STRICT_OBJC_MSGSEND = YES;
				ENABLE_TESTABILITY = YES;
				GCC_C_LANGUAGE_STANDARD = gnu99;
				GCC_DYNAMIC_NO_PIC = NO;
				GCC_NO_COMMON_BLOCKS = YES;
				GCC_OPTIMIZATION_LEVEL = 0;
				GCC_PREPROCESSOR_DEFINITIONS = (
					"DEBUG=1",
					"$(inherited)",
				);
				GCC_WARN_64_TO_32_BIT_CONVERSION = YES;
				GCC_WARN_ABOUT_RETURN_TYPE = YES_ERROR;
				GCC_WARN_UNDECLARED_SELECTOR = YES;
				GCC_WARN_UNINITIALIZED_AUTOS = YES_AGGRESSIVE;
				GCC_WARN_UNUSED_FUNCTION = YES;
				GCC_WARN_UNUSED_VARIABLE = YES;
				IPHONEOS_DEPLOYMENT_TARGET = 9.1;
				MTL_ENABLE_DEBUG_INFO = YES;
				ONLY_ACTIVE_ARCH = YES;
				SDKROOT = iphoneos;
			};
			name = Debug;
		};
		7BBBFC941BE3428E00EF539B /* Release */ = {
			isa = XCBuildConfiguration;
			buildSettings = {
				ALWAYS_SEARCH_USER_PATHS = NO;
				CLANG_CXX_LANGUAGE_STANDARD = "gnu++0x";
				CLANG_CXX_LIBRARY = "libc++";
				CLANG_ENABLE_MODULES = YES;
				CLANG_ENABLE_OBJC_ARC = YES;
				CLANG_WARN_BOOL_CONVERSION = YES;
				CLANG_WARN_CONSTANT_CONVERSION = YES;
				CLANG_WARN_DIRECT_OBJC_ISA_USAGE = YES_ERROR;
				CLANG_WARN_EMPTY_BODY = YES;
				CLANG_WARN_ENUM_CONVERSION = YES;
				CLANG_WARN_INT_CONVERSION = YES;
				CLANG_WARN_OBJC_ROOT_CLASS = YES_ERROR;
				CLANG_WARN_UNREACHABLE_CODE = YES;
				CLANG_WARN__DUPLICATE_METHOD_MATCH = YES;
				"CODE_SIGN_IDENTITY[sdk=iphoneos*]" = "iPhone Developer";
				COPY_PHASE_STRIP = NO;
				DEBUG_INFORMATION_FORMAT = "dwarf-with-dsym";
				ENABLE_NS_ASSERTIONS = NO;
				ENABLE_STRICT_OBJC_MSGSEND = YES;
				GCC_C_LANGUAGE_STANDARD = gnu99;
				GCC_NO_COMMON_BLOCKS = YES;
				GCC_WARN_64_TO_32_BIT_CONVERSION = YES;
				GCC_WARN_ABOUT_RETURN_TYPE = YES_ERROR;
				GCC_WARN_UNDECLARED_SELECTOR = YES;
				GCC_WARN_UNINITIALIZED_AUTOS = YES_AGGRESSIVE;
				GCC_WARN_UNUSED_FUNCTION = YES;
				GCC_WARN_UNUSED_VARIABLE = YES;
				IPHONEOS_DEPLOYMENT_TARGET = 9.1;
				MTL_ENABLE_DEBUG_INFO = NO;
				SDKROOT = iphoneos;
				VALIDATE_PRODUCT = YES;
			};
			name = Release;
		};
		7BBBFC961BE3428E00EF539B /* Debug */ = {
			isa = XCBuildConfiguration;
			buildSettings = {
				ARCHS = "$(ARCHS_STANDARD)";
				ASSETCATALOG_COMPILER_APPICON_NAME = AppIcon;
				CODE_SIGN_IDENTITY = "iPhone Developer";
				"CODE_SIGN_IDENTITY[sdk=iphoneos*]" = "iPhone Developer";
				ENABLE_BITCODE = NO;
				FRAMEWORK_SEARCH_PATHS = (
					"$(inherited)",
					"$(PROJECT_DIR)/SpeakNumber",
				);
				INFOPLIST_FILE = SpeakNumber/Info.plist;
				IPHONEOS_DEPLOYMENT_TARGET = 8.0;
				LD_RUNPATH_SEARCH_PATHS = "$(inherited) @executable_path/Frameworks";
				ONLY_ACTIVE_ARCH = YES;
				OTHER_LDFLAGS = "";
				PRODUCT_BUNDLE_IDENTIFIER = com.epoluodi.SpeakNumber;
				PRODUCT_NAME = "$(TARGET_NAME)";
				PROVISIONING_PROFILE = "";
				VALID_ARCHS = "armv7 arm64 armv7s";
			};
			name = Debug;
		};
		7BBBFC971BE3428E00EF539B /* Release */ = {
			isa = XCBuildConfiguration;
			buildSettings = {
				ARCHS = "$(ARCHS_STANDARD)";
				ASSETCATALOG_COMPILER_APPICON_NAME = AppIcon;
				CODE_SIGN_IDENTITY = "iPhone Developer";
				"CODE_SIGN_IDENTITY[sdk=iphoneos*]" = "iPhone Developer";
				ENABLE_BITCODE = NO;
				FRAMEWORK_SEARCH_PATHS = (
					"$(inherited)",
					"$(PROJECT_DIR)/SpeakNumber",
				);
				INFOPLIST_FILE = SpeakNumber/Info.plist;
				IPHONEOS_DEPLOYMENT_TARGET = 8.0;
				LD_RUNPATH_SEARCH_PATHS = "$(inherited) @executable_path/Frameworks";
				ONLY_ACTIVE_ARCH = NO;
				OTHER_LDFLAGS = "";
				PRODUCT_BUNDLE_IDENTIFIER = com.epoluodi.SpeakNumber;
				PRODUCT_NAME = "$(TARGET_NAME)";
				PROVISIONING_PROFILE = "";
				VALID_ARCHS = "armv7 arm64 armv7s";
			};
			name = Release;
		};
/* End XCBuildConfiguration section */

/* Begin XCConfigurationList section */
		7BBBFC791BE3428D00EF539B /* Build configuration list for PBXProject "SpeakNumber" */ = {
			isa = XCConfigurationList;
			buildConfigurations = (
				7BBBFC931BE3428E00EF539B /* Debug */,
				7BBBFC941BE3428E00EF539B /* Release */,
			);
			defaultConfigurationIsVisible = 0;
			defaultConfigurationName = Release;
		};
		7BBBFC951BE3428E00EF539B /* Build configuration list for PBXNativeTarget "SpeakNumber" */ = {
			isa = XCConfigurationList;
			buildConfigurations = (
				7BBBFC961BE3428E00EF539B /* Debug */,
				7BBBFC971BE3428E00EF539B /* Release */,
			);
			defaultConfigurationIsVisible = 0;
			defaultConfigurationName = Release;
		};
/* End XCConfigurationList section */

/* Begin XCVersionGroup section */
		7BBA93061BE511EE001F8F31 /* settingdb.xcdatamodeld */ = {
			isa = XCVersionGroup;
			children = (
				7BBA93071BE511EE001F8F31 /* settingdb.xcdatamodel */,
			);
			currentVersion = 7BBA93071BE511EE001F8F31 /* settingdb.xcdatamodel */;
			path = settingdb.xcdatamodeld;
			sourceTree = "<group>";
			versionGroupType = wrapper.xcdatamodel;
		};
/* End XCVersionGroup section */
	};
	rootObject = 7BBBFC761BE3428D00EF539B /* Project object */;
}
